
Microsoft Visual Studio Solution File, Format Version 12.00
# Visual Studio Version 17
VisualStudioVersion = 17.0.32014.148
MinimumVisualStudioVersion = 10.0.40219.1
Project("{9A19103F-16F7-4668-BE54-9A1E7A4F7556}") = "Skinet", "Skinet\Skinet.csproj", "{348919B6-AA99-4D70-A87A-2182DD4BD094}"
EndProject
Project("{FAE04EC0-301F-11D3-BF4B-00C04F79EFBC}") = "Core", "Core\Core.csproj", "{040BC92D-5891-46CB-8786-059066E44A60}"
EndProject
Project("{FAE04EC0-301F-11D3-BF4B-00C04F79EFBC}") = "Infrastructure", "Infrastructure\Infrastructure.csproj", "{7CDC113F-9230-41FA-8A1C-35AA8F5A4603}"
EndProject
Global
	GlobalSection(SolutionConfigurationPlatforms) = preSolution
		Debug|Any CPU = Debug|Any CPU
		Release|Any CPU = Release|Any CPU
	EndGlobalSection
	GlobalSection(ProjectConfigurationPlatforms) = postSolution
		{348919B6-AA99-4D70-A87A-2182DD4BD094}.Debug|Any CPU.ActiveCfg = Debug|Any CPU
		{348919B6-AA99-4D70-A87A-2182DD4BD094}.Debug|Any CPU.Build.0 = Debug|Any CPU
		{348919B6-AA99-4D70-A87A-2182DD4BD094}.Release|Any CPU.ActiveCfg = Release|Any CPU
		{348919B6-AA99-4D70-A87A-2182DD4BD094}.Release|Any CPU.Build.0 = Release|Any CPU
		{040BC92D-5891-46CB-8786-059066E44A60}.Debug|Any CPU.ActiveCfg = Debug|Any CPU
		{040BC92D-5891-46CB-8786-059066E44A60}.Debug|Any CPU.Build.0 = Debug|Any CPU
		{040BC92D-5891-46CB-8786-059066E44A60}.Release|Any CPU.ActiveCfg = Release|Any CPU
		{040BC92D-5891-46CB-8786-059066E44A60}.Release|Any CPU.Build.0 = Release|Any CPU
		{7CDC113F-9230-41FA-8A1C-35AA8F5A4603}.Debug|Any CPU.ActiveCfg = Debug|Any CPU
		{7CDC113F-9230-41FA-8A1C-35AA8F5A4603}.Debug|Any CPU.Build.0 = Debug|Any CPU
		{7CDC113F-9230-41FA-8A1C-35AA8F5A4603}.Release|Any CPU.ActiveCfg = Release|Any CPU
		{7CDC113F-9230-41FA-8A1C-35AA8F5A4603}.Release|Any CPU.Build.0 = Release|Any CPU
	EndGlobalSection
	GlobalSection(SolutionProperties) = preSolution
		HideSolutionNode = FALSE
	EndGlobalSection
	GlobalSection(ExtensibilityGlobals) = postSolution
		SolutionGuid = {D804C17E-7D99-4A41-9606-7D5F63BD428D}
	EndGlobalSection
EndGlobal
